
Microsoft Visual Studio Solution File, Format Version 12.00
# Visual Studio 15
VisualStudioVersion = 15.0.28307.421
MinimumVisualStudioVersion = 10.0.40219.1
Project("{FAE04EC0-301F-11D3-BF4B-00C04F79EFBC}") = "AgroVentas.Android", "AgroVentas\AgroVentas.Android\AgroVentas.Android.csproj", "{A613BE13-DC7D-4EB5-B2A0-3FE430440777}"
EndProject
Project("{9A19103F-16F7-4668-BE54-9A1E7A4F7556}") = "AgroVentas", "AgroVentas\AgroVentas\AgroVentas.csproj", "{60334241-4F28-45B2-A4EA-1EF8C872DF7C}"
EndProject
Global
	GlobalSection(SolutionConfigurationPlatforms) = preSolution
		Debug|Any CPU = Debug|Any CPU
		Release|Any CPU = Release|Any CPU
	EndGlobalSection
	GlobalSection(ProjectConfigurationPlatforms) = postSolution
		{A613BE13-DC7D-4EB5-B2A0-3FE430440777}.Debug|Any CPU.ActiveCfg = Debug|Any CPU
		{A613BE13-DC7D-4EB5-B2A0-3FE430440777}.Debug|Any CPU.Build.0 = Debug|Any CPU
		{A613BE13-DC7D-4EB5-B2A0-3FE430440777}.Debug|Any CPU.Deploy.0 = Debug|Any CPU
		{A613BE13-DC7D-4EB5-B2A0-3FE430440777}.Release|Any CPU.ActiveCfg = Release|Any CPU
		{A613BE13-DC7D-4EB5-B2A0-3FE430440777}.Release|Any CPU.Build.0 = Release|Any CPU
		{A613BE13-DC7D-4EB5-B2A0-3FE430440777}.Release|Any CPU.Deploy.0 = Release|Any CPU
		{60334241-4F28-45B2-A4EA-1EF8C872DF7C}.Debug|Any CPU.ActiveCfg = Debug|Any CPU
		{60334241-4F28-45B2-A4EA-1EF8C872DF7C}.Debug|Any CPU.Build.0 = Debug|Any CPU
		{60334241-4F28-45B2-A4EA-1EF8C872DF7C}.Release|Any CPU.ActiveCfg = Release|Any CPU
		{60334241-4F28-45B2-A4EA-1EF8C872DF7C}.Release|Any CPU.Build.0 = Release|Any CPU
	EndGlobalSection
	GlobalSection(SolutionProperties) = preSolution
		HideSolutionNode = FALSE
	EndGlobalSection
	GlobalSection(ExtensibilityGlobals) = postSolution
		SolutionGuid = {F447AD95-2F52-49F4-AB41-7D3D257BDBFC}
	EndGlobalSection
EndGlobal
